github.com/GolangToolKits/go-cockroachdb v1.0.0 h1:IqOIppnsrKfan2ZsGYnxN43zbpbEkY6WBQWqrG2/Now=
github.com/GolangToolKits/go-cockroachdb v1.0.0/go.mod h1:NlgaGUcF6Ol+ArP7tT2VWqVI0TAQGG45D2ca6Q2xs7I=
github.com/lib/pq v1.11.2 h1:x6gxUeu39V0BHZiugWe8LXZYZ+Utk7hSJGThs8sdzfs=
github.com/lib/pq v1.11.2/go.mod h1:/p+8NSbOcwzAEI7wiMXFlgydTwcgTr3OSKMsD2BitpA=
